# @generated - this file is auto-generated by `mise lock` https://mise.jdx.dev/dev-tools/mise-lock.html

[[tools.actionlint]]
version = "1.7.11"
backend = "aqua:rhysd/actionlint"

[tools.actionlint."platforms.linux-arm64"]
checksum = "sha256:21bc0dfb57a913fe175298c2a9e906ee630f747cb66d0a934d0d4b69f4ee1235"
url = "https://github.com/rhysd/actionlint/releases/download/v1.7.11/actionlint_1.7.11_linux_arm64.tar.gz"

[tools.actionlint."platforms.linux-arm64-musl"]
checksum = "sha256:21bc0dfb57a913fe175298c2a9e906ee630f747cb66d0a934d0d4b69f4ee1235"
url = "https://github.com/rhysd/actionlint/releases/download/v1.7.11/actionlint_1.7.11_linux_arm64.tar.gz"

[tools.actionlint."platforms.linux-x64"]
checksum = "sha256:900919a84f2229bac68ca9cd4103ea297abc35e9689ebb842c6e34a3d1b01b0a"
url = "https://github.com/rhysd/actionlint/releases/download/v1.7.11/actionlint_1.7.11_linux_amd64.tar.gz"

[tools.actionlint."platforms.linux-x64-baseline"]
checksum = "sha256:900919a84f2229bac68ca9cd4103ea297abc35e9689ebb842c6e34a3d1b01b0a"
url = "https://github.com/rhysd/actionlint/releases/download/v1.7.11/actionlint_1.7.11_linux_amd64.tar.gz"

[tools.actionlint."platforms.linux-x64-musl"]
checksum = "sha256:900919a84f2229bac68ca9cd4103ea297abc35e9689ebb842c6e34a3d1b01b0a"
url = "https://github.com/rhysd/actionlint/releases/download/v1.7.11/actionlint_1.7.11_linux_amd64.tar.gz"

[tools.actionlint."platforms.linux-x64-musl-baseline"]
checksum = "sha256:900919a84f2229bac68ca9cd4103ea297abc35e9689ebb842c6e34a3d1b01b0a"
url = "https://github.com/rhysd/actionlint/releases/download/v1.7.11/actionlint_1.7.11_linux_amd64.tar.gz"

[tools.actionlint."platforms.macos-arm64"]
checksum = "sha256:a21ba7366d8329e7223faee0ed69eb13da27fe8acabb356bb7eb0b7f1e1cb6d8"
url = "https://github.com/rhysd/actionlint/releases/download/v1.7.11/actionlint_1.7.11_darwin_arm64.tar.gz"

[tools.actionlint."platforms.macos-x64"]
checksum = "sha256:17ffc17fed8f0258ef6ad4aed932d3272464c7ef7d64e1cb0d65aa97c9752107"
url = "https://github.com/rhysd/actionlint/releases/download/v1.7.11/actionlint_1.7.11_darwin_amd64.tar.gz"

[tools.actionlint."platforms.macos-x64-baseline"]
checksum = "sha256:17ffc17fed8f0258ef6ad4aed932d3272464c7ef7d64e1cb0d65aa97c9752107"
url = "https://github.com/rhysd/actionlint/releases/download/v1.7.11/actionlint_1.7.11_darwin_amd64.tar.gz"

[tools.actionlint."platforms.windows-x64"]
checksum = "sha256:5414b7124a91f4b5abee62e5c9d84802237734f8d15b9b7032732a32c3ebffa3"
url = "https://github.com/rhysd/actionlint/releases/download/v1.7.11/actionlint_1.7.11_windows_amd64.zip"

[tools.actionlint."platforms.windows-x64-baseline"]
checksum = "sha256:5414b7124a91f4b5abee62e5c9d84802237734f8d15b9b7032732a32c3ebffa3"
url = "https://github.com/rhysd/actionlint/releases/download/v1.7.11/actionlint_1.7.11_windows_amd64.zip"

[[tools.bun]]
version = "1.3.10"
backend = "core:bun"

[tools.bun."platforms.linux-arm64"]
checksum = "sha256:fa5ecb25cafa8e8f5c87a0f833719d46dd0af0a86c7837d806531212d55636d3"
url = "https://github.com/oven-sh/bun/releases/download/bun-v1.3.10/bun-linux-aarch64.zip"

[tools.bun."platforms.linux-arm64-musl"]
checksum = "sha256:d2c81365a2e529b78a42330d3a0056e8dbd7896b4a6782c8e392b6532141e34d"
url = "https://github.com/oven-sh/bun/releases/download/bun-v1.3.10/bun-linux-aarch64-musl.zip"

[tools.bun."platforms.linux-x64"]
checksum = "sha256:f57bc0187e39623de716ba3a389fda5486b2d7be7131a980ba54dc7b733d2e08"
url = "https://github.com/oven-sh/bun/releases/download/bun-v1.3.10/bun-linux-x64.zip"

[tools.bun."platforms.linux-x64-baseline"]
checksum = "sha256:41201a8c5ee74a9dcbb1ce25a1104f1f929838b57a845aa78d98379b0ce7cde2"
url = "https://github.com/oven-sh/bun/releases/download/bun-v1.3.10/bun-linux-x64-baseline.zip"

[tools.bun."platforms.linux-x64-musl"]
checksum = "sha256:48a6c32277d343db0148ce066336472ffd380358a4d26bb1329714742492d824"
url = "https://github.com/oven-sh/bun/releases/download/bun-v1.3.10/bun-linux-x64-musl.zip"

[tools.bun."platforms.linux-x64-musl-baseline"]
checksum = "sha256:a7bc4cdea1ef255a83adbf39c7aafcd30e09f2b8f74deec4b10ee318bc024d1f"
url = "https://github.com/oven-sh/bun/releases/download/bun-v1.3.10/bun-linux-x64-musl-baseline.zip"

[tools.bun."platforms.macos-arm64"]
checksum = "sha256:82034e87c9d9b4398ea619aee2eed5d2a68c8157e9a6ae2d1052d84d533ccd8d"
url = "https://github.com/oven-sh/bun/releases/download/bun-v1.3.10/bun-darwin-aarch64.zip"

[tools.bun."platforms.macos-x64"]
checksum = "sha256:c1d90bf6140f20e572c473065dc6b37a4b036349b5e9e4133779cc642ad94323"
url = "https://github.com/oven-sh/bun/releases/download/bun-v1.3.10/bun-darwin-x64.zip"

[tools.bun."platforms.macos-x64-baseline"]
checksum = "sha256:f9686c4e4e760db4cde77a0f1fad05e552648b9c9cbfa4f7fc9a7ec26b9f3267"
url = "https://github.com/oven-sh/bun/releases/download/bun-v1.3.10/bun-darwin-x64-baseline.zip"

[tools.bun."platforms.windows-x64"]
checksum = "sha256:7a77b3e245e2e26965c93089a4a1332e8a326d3364c89fae1d1fd99cdd3cd73d"
url = "https://github.com/oven-sh/bun/releases/download/bun-v1.3.10/bun-windows-x64.zip"

[tools.bun."platforms.windows-x64-baseline"]
checksum = "sha256:715709c69b176e20994533d3292bd0b7c32de9c0c5575b916746ec6b2aa38346"
url = "https://github.com/oven-sh/bun/releases/download/bun-v1.3.10/bun-windows-x64-baseline.zip"

[[tools.cargo-binstall]]
version = "1.17.7"
backend = "aqua:cargo-bins/cargo-binstall"

[tools.cargo-binstall."platforms.linux-arm64"]
checksum = "sha256:b0658b0a7f0959bc1dbb4ab665931c31c7dd1109ff01cb8772af17dfdc52a9af"
url = "https://github.com/cargo-bins/cargo-binstall/releases/download/v1.17.7/cargo-binstall-aarch64-unknown-linux-musl.tgz"

[tools.cargo-binstall."platforms.linux-arm64-musl"]
checksum = "sha256:b0658b0a7f0959bc1dbb4ab665931c31c7dd1109ff01cb8772af17dfdc52a9af"
url = "https://github.com/cargo-bins/cargo-binstall/releases/download/v1.17.7/cargo-binstall-aarch64-unknown-linux-musl.tgz"

[tools.cargo-binstall."platforms.linux-x64"]
checksum = "sha256:29b5ecfb6e03c2511a617c77d312b06df0c54717644fbfda3d465ec8240532f0"
url = "https://github.com/cargo-bins/cargo-binstall/releases/download/v1.17.7/cargo-binstall-x86_64-unknown-linux-musl.tgz"

[tools.cargo-binstall."platforms.linux-x64-baseline"]
checksum = "sha256:29b5ecfb6e03c2511a617c77d312b06df0c54717644fbfda3d465ec8240532f0"
url = "https://github.com/cargo-bins/cargo-binstall/releases/download/v1.17.7/cargo-binstall-x86_64-unknown-linux-musl.tgz"

[tools.cargo-binstall."platforms.linux-x64-musl"]
checksum = "sha256:29b5ecfb6e03c2511a617c77d312b06df0c54717644fbfda3d465ec8240532f0"
url = "https://github.com/cargo-bins/cargo-binstall/releases/download/v1.17.7/cargo-binstall-x86_64-unknown-linux-musl.tgz"

[tools.cargo-binstall."platforms.linux-x64-musl-baseline"]
checksum = "sha256:29b5ecfb6e03c2511a617c77d312b06df0c54717644fbfda3d465ec8240532f0"
url = "https://github.com/cargo-bins/cargo-binstall/releases/download/v1.17.7/cargo-binstall-x86_64-unknown-linux-musl.tgz"

[tools.cargo-binstall."platforms.macos-arm64"]
checksum = "sha256:1ad3c0c56fa3970634cce5009ed0ce61b943515f9115f8e480fd0e41d8d89085"
url = "https://github.com/cargo-bins/cargo-binstall/releases/download/v1.17.7/cargo-binstall-aarch64-apple-darwin.zip"

[tools.cargo-binstall."platforms.macos-x64"]
checksum = "sha256:aa7174fb938e668dea4b4c3d22fe6cefed97642cc3a7a419ba96d63d63fd729b"
url = "https://github.com/cargo-bins/cargo-binstall/releases/download/v1.17.7/cargo-binstall-x86_64-apple-darwin.zip"

[tools.cargo-binstall."platforms.macos-x64-baseline"]
checksum = "sha256:aa7174fb938e668dea4b4c3d22fe6cefed97642cc3a7a419ba96d63d63fd729b"
url = "https://github.com/cargo-bins/cargo-binstall/releases/download/v1.17.7/cargo-binstall-x86_64-apple-darwin.zip"

[tools.cargo-binstall."platforms.windows-x64"]
checksum = "sha256:c5cb2444ee04480502a8ac73d96abd9f97af8300ec04ea1c1f2a9e959c02e4d6"
url = "https://github.com/cargo-bins/cargo-binstall/releases/download/v1.17.7/cargo-binstall-x86_64-pc-windows-msvc.zip"

[tools.cargo-binstall."platforms.windows-x64-baseline"]
checksum = "sha256:c5cb2444ee04480502a8ac73d96abd9f97af8300ec04ea1c1f2a9e959c02e4d6"
url = "https://github.com/cargo-bins/cargo-binstall/releases/download/v1.17.7/cargo-binstall-x86_64-pc-windows-msvc.zip"

[[tools.cargo-insta]]
version = "1.46.3"
backend = "aqua:mitsuhiko/insta"

[tools.cargo-insta."platforms.linux-x64"]
checksum = "sha256:c738c47f8d7e834a0277dddb9410a1f7369d37818738fc6a380f22904a83f6e4"
url = "https://github.com/mitsuhiko/insta/releases/download/1.46.3/cargo-insta-x86_64-unknown-linux-musl.tar.xz"

[tools.cargo-insta."platforms.linux-x64-baseline"]
checksum = "sha256:c738c47f8d7e834a0277dddb9410a1f7369d37818738fc6a380f22904a83f6e4"
url = "https://github.com/mitsuhiko/insta/releases/download/1.46.3/cargo-insta-x86_64-unknown-linux-musl.tar.xz"

[tools.cargo-insta."platforms.linux-x64-musl"]
checksum = "sha256:c738c47f8d7e834a0277dddb9410a1f7369d37818738fc6a380f22904a83f6e4"
url = "https://github.com/mitsuhiko/insta/releases/download/1.46.3/cargo-insta-x86_64-unknown-linux-musl.tar.xz"

[tools.cargo-insta."platforms.linux-x64-musl-baseline"]
checksum = "sha256:c738c47f8d7e834a0277dddb9410a1f7369d37818738fc6a380f22904a83f6e4"
url = "https://github.com/mitsuhiko/insta/releases/download/1.46.3/cargo-insta-x86_64-unknown-linux-musl.tar.xz"

[tools.cargo-insta."platforms.macos-arm64"]
checksum = "sha256:1e620252db7964d876da6b4956872ad84d099ee281753ac7c850ae24413947df"
url = "https://github.com/mitsuhiko/insta/releases/download/1.46.3/cargo-insta-aarch64-apple-darwin.tar.xz"

[tools.cargo-insta."platforms.macos-x64"]
checksum = "sha256:d55ff42a08ad0fc6deed64bb9ab700c069da9c6da40947d9b658cc33fda3dcda"
url = "https://github.com/mitsuhiko/insta/releases/download/1.46.3/cargo-insta-x86_64-apple-darwin.tar.xz"

[tools.cargo-insta."platforms.macos-x64-baseline"]
checksum = "sha256:d55ff42a08ad0fc6deed64bb9ab700c069da9c6da40947d9b658cc33fda3dcda"
url = "https://github.com/mitsuhiko/insta/releases/download/1.46.3/cargo-insta-x86_64-apple-darwin.tar.xz"

[tools.cargo-insta."platforms.windows-x64"]
checksum = "sha256:fa0cd6810e393392cf347decacd8a710de9ac95b6747a753f037c46b649209aa"
url = "https://github.com/mitsuhiko/insta/releases/download/1.46.3/cargo-insta-x86_64-pc-windows-msvc.zip"

[tools.cargo-insta."platforms.windows-x64-baseline"]
checksum = "sha256:fa0cd6810e393392cf347decacd8a710de9ac95b6747a753f037c46b649209aa"
url = "https://github.com/mitsuhiko/insta/releases/download/1.46.3/cargo-insta-x86_64-pc-windows-msvc.zip"

[[tools."cargo:cargo-about"]]
version = "0.8.4"
backend = "cargo:cargo-about"

[[tools."cargo:cargo-audit"]]
version = "0.22.1"
backend = "cargo:cargo-audit"

[[tools."cargo:cargo-auditable"]]
version = "0.7.4"
backend = "cargo:cargo-auditable"

[[tools."cargo:cargo-cyclonedx"]]
version = "0.5.7"
backend = "cargo:cargo-cyclonedx"

[[tools."cargo:cargo-deny"]]
version = "0.19.0"
backend = "cargo:cargo-deny"

[[tools."cargo:cargo-dist"]]
version = "0.31.0"
backend = "cargo:cargo-dist"

[[tools."cargo:cargo-llvm-cov"]]
version = "0.8.4"
backend = "cargo:cargo-llvm-cov"

[[tools."cargo:cargo-machete"]]
version = "0.9.1"
backend = "cargo:cargo-machete"

[[tools."cargo:cargo-nextest"]]
version = "0.9.129"
backend = "cargo:cargo-nextest"

[[tools."cargo:cargo-outdated"]]
version = "0.17.0"
backend = "cargo:cargo-outdated"

[[tools."cargo:cargo-release"]]
version = "1.1.1"
backend = "cargo:cargo-release"

[[tools."cargo:git-cliff"]]
version = "2.12.0"
backend = "cargo:git-cliff"

[[tools."cargo:mdbook"]]
version = "0.5.2"
backend = "cargo:mdbook"

[[tools."cargo:mdbook-admonish"]]
version = "1.20.0"
backend = "cargo:mdbook-admonish"

[[tools."cargo:mdbook-i18n-helpers"]]
version = "0.4.0"
backend = "cargo:mdbook-i18n-helpers"

[[tools."cargo:mdbook-linkcheck"]]
version = "0.7.7"
backend = "cargo:mdbook-linkcheck"

[[tools."cargo:mdbook-mermaid"]]
version = "0.17.0"
backend = "cargo:mdbook-mermaid"

[[tools."cargo:mdbook-open-on-gh"]]
version = "3.0.0"
backend = "cargo:mdbook-open-on-gh"

[[tools."cargo:mdbook-tabs"]]
version = "0.3.4"
backend = "cargo:mdbook-tabs"

[[tools."cargo:mdbook-toc"]]
version = "0.15.3"
backend = "cargo:mdbook-toc"

[[tools."cargo:release-plz"]]
version = "0.3.157"
backend = "cargo:release-plz"

[[tools.just]]
version = "1.46.0"
backend = "aqua:casey/just"

[tools.just."platforms.linux-arm64"]
checksum = "sha256:b81970c8247fa64cfb30d2a3da0e487e4253f9f2d01865ed5e7d53cdc7b02188"
url = "https://github.com/casey/just/releases/download/1.46.0/just-1.46.0-aarch64-unknown-linux-musl.tar.gz"

[tools.just."platforms.linux-arm64-musl"]
checksum = "sha256:b81970c8247fa64cfb30d2a3da0e487e4253f9f2d01865ed5e7d53cdc7b02188"
url = "https://github.com/casey/just/releases/download/1.46.0/just-1.46.0-aarch64-unknown-linux-musl.tar.gz"

[tools.just."platforms.linux-x64"]
checksum = "sha256:79966e6e353f535ee7d1c6221641bcc8e3381c55b0d0a6dc6e54b34f9db36eaa"
url = "https://github.com/casey/just/releases/download/1.46.0/just-1.46.0-x86_64-unknown-linux-musl.tar.gz"

[tools.just."platforms.linux-x64-baseline"]
checksum = "sha256:79966e6e353f535ee7d1c6221641bcc8e3381c55b0d0a6dc6e54b34f9db36eaa"
url = "https://github.com/casey/just/releases/download/1.46.0/just-1.46.0-x86_64-unknown-linux-musl.tar.gz"

[tools.just."platforms.linux-x64-musl"]
checksum = "sha256:79966e6e353f535ee7d1c6221641bcc8e3381c55b0d0a6dc6e54b34f9db36eaa"
url = "https://github.com/casey/just/releases/download/1.46.0/just-1.46.0-x86_64-unknown-linux-musl.tar.gz"

[tools.just."platforms.linux-x64-musl-baseline"]
checksum = "sha256:79966e6e353f535ee7d1c6221641bcc8e3381c55b0d0a6dc6e54b34f9db36eaa"
url = "https://github.com/casey/just/releases/download/1.46.0/just-1.46.0-x86_64-unknown-linux-musl.tar.gz"

[tools.just."platforms.macos-arm64"]
checksum = "sha256:438eaf6468a115aa7db93e501cc7e3272f453f6b7083be3863adfab546b23358"
url = "https://github.com/casey/just/releases/download/1.46.0/just-1.46.0-aarch64-apple-darwin.tar.gz"

[tools.just."platforms.macos-x64"]
checksum = "sha256:ec54dd60ac876261b7318f1852ef9c0319fede1e5a73c14f56d908a8edf595b8"
url = "https://github.com/casey/just/releases/download/1.46.0/just-1.46.0-x86_64-apple-darwin.tar.gz"

[tools.just."platforms.macos-x64-baseline"]
checksum = "sha256:ec54dd60ac876261b7318f1852ef9c0319fede1e5a73c14f56d908a8edf595b8"
url = "https://github.com/casey/just/releases/download/1.46.0/just-1.46.0-x86_64-apple-darwin.tar.gz"

[tools.just."platforms.windows-x64"]
checksum = "sha256:f0acf3f8ccbcf360b481baae9cae4c921774c89d5d932012481d3e0bda78ab39"
url = "https://github.com/casey/just/releases/download/1.46.0/just-1.46.0-x86_64-pc-windows-msvc.zip"

[tools.just."platforms.windows-x64-baseline"]
checksum = "sha256:f0acf3f8ccbcf360b481baae9cae4c921774c89d5d932012481d3e0bda78ab39"
url = "https://github.com/casey/just/releases/download/1.46.0/just-1.46.0-x86_64-pc-windows-msvc.zip"

[[tools.lychee]]
version = "0.23.0"
backend = "aqua:lycheeverse/lychee"

[tools.lychee."platforms.linux-arm64"]
checksum = "sha256:97eb93b02a7d78a752fc33e5b0983439ccaadbf3db952b68a0a4401acd92e6e0"
url = "https://github.com/lycheeverse/lychee/releases/download/lychee-v0.23.0/lychee-aarch64-unknown-linux-gnu.tar.gz"

[tools.lychee."platforms.linux-arm64-musl"]
checksum = "sha256:97eb93b02a7d78a752fc33e5b0983439ccaadbf3db952b68a0a4401acd92e6e0"
url = "https://github.com/lycheeverse/lychee/releases/download/lychee-v0.23.0/lychee-aarch64-unknown-linux-gnu.tar.gz"

[tools.lychee."platforms.linux-x64"]
checksum = "sha256:5538440d2c69a45a0a09983271e5dee0c2fe7137d8035d25b2632e10a66a090a"
url = "https://github.com/lycheeverse/lychee/releases/download/lychee-v0.23.0/lychee-x86_64-unknown-linux-musl.tar.gz"

[tools.lychee."platforms.linux-x64-baseline"]
checksum = "sha256:5538440d2c69a45a0a09983271e5dee0c2fe7137d8035d25b2632e10a66a090a"
url = "https://github.com/lycheeverse/lychee/releases/download/lychee-v0.23.0/lychee-x86_64-unknown-linux-musl.tar.gz"

[tools.lychee."platforms.linux-x64-musl"]
checksum = "sha256:5538440d2c69a45a0a09983271e5dee0c2fe7137d8035d25b2632e10a66a090a"
url = "https://github.com/lycheeverse/lychee/releases/download/lychee-v0.23.0/lychee-x86_64-unknown-linux-musl.tar.gz"

[tools.lychee."platforms.linux-x64-musl-baseline"]
checksum = "sha256:5538440d2c69a45a0a09983271e5dee0c2fe7137d8035d25b2632e10a66a090a"
url = "https://github.com/lycheeverse/lychee/releases/download/lychee-v0.23.0/lychee-x86_64-unknown-linux-musl.tar.gz"

[tools.lychee."platforms.macos-arm64"]
checksum = "sha256:4c8034900e11083b68ac6f6582c377ff1f704e268991999e09d717973e493e7f"
url = "https://github.com/lycheeverse/lychee/releases/download/lychee-v0.23.0/lychee-arm64-macos.dmg"

[tools.lychee."platforms.windows-x64"]
checksum = "sha256:0fda7ff0a60c0250939fc25361c2d4e6e7853c31c996733fdd5a1dd760bcb824"
url = "https://github.com/lycheeverse/lychee/releases/download/lychee-v0.23.0/lychee-x86_64-windows.exe"

[tools.lychee."platforms.windows-x64-baseline"]
checksum = "sha256:0fda7ff0a60c0250939fc25361c2d4e6e7853c31c996733fdd5a1dd760bcb824"
url = "https://github.com/lycheeverse/lychee/releases/download/lychee-v0.23.0/lychee-x86_64-windows.exe"

[[tools.markdownlint-cli2]]
version = "0.21.0"
backend = "npm:markdownlint-cli2"

[[tools."pipx:mdformat"]]
version = "0.7.21"
backend = "pipx:mdformat"

[tools."pipx:mdformat".options]
uvx_args = "--with mdformat-gfm --with mdformat-frontmatter --with mdformat-footnote --with mdformat-simple-breaks --with mdformat-gfm-alerts --with mdformat-toc --with mdformat-wikilink --with mdformat-tables"

[[tools."pipx:pre-commit"]]
version = "4.5.1"
backend = "pipx:pre-commit"

[[tools.prettier]]
version = "3.8.1"
backend = "npm:prettier"

[[tools.python]]
version = "3.14.3"
backend = "core:python"

[tools.python."platforms.linux-arm64"]
checksum = "sha256:be0f4dc2932f762292b27d46ea7d3e8e66ddf3969a5eb0254a229015ed402625"
url = "https://github.com/astral-sh/python-build-standalone/releases/download/20260303/cpython-3.14.3+20260303-aarch64-unknown-linux-gnu-install_only_stripped.tar.gz"

[tools.python."platforms.linux-arm64-musl"]
checksum = "sha256:be0f4dc2932f762292b27d46ea7d3e8e66ddf3969a5eb0254a229015ed402625"
url = "https://github.com/astral-sh/python-build-standalone/releases/download/20260303/cpython-3.14.3+20260303-aarch64-unknown-linux-gnu-install_only_stripped.tar.gz"

[tools.python."platforms.linux-x64"]
checksum = "sha256:0a73413f89efd417871876c9accaab28a9d1e3cd6358fbfff171a38ec99302f0"
url = "https://github.com/astral-sh/python-build-standalone/releases/download/20260303/cpython-3.14.3+20260303-x86_64-unknown-linux-gnu-install_only_stripped.tar.gz"

[tools.python."platforms.linux-x64-baseline"]
checksum = "sha256:0a73413f89efd417871876c9accaab28a9d1e3cd6358fbfff171a38ec99302f0"
url = "https://github.com/astral-sh/python-build-standalone/releases/download/20260303/cpython-3.14.3+20260303-x86_64-unknown-linux-gnu-install_only_stripped.tar.gz"

[tools.python."platforms.linux-x64-musl"]
checksum = "sha256:0a73413f89efd417871876c9accaab28a9d1e3cd6358fbfff171a38ec99302f0"
url = "https://github.com/astral-sh/python-build-standalone/releases/download/20260303/cpython-3.14.3+20260303-x86_64-unknown-linux-gnu-install_only_stripped.tar.gz"

[tools.python."platforms.linux-x64-musl-baseline"]
checksum = "sha256:0a73413f89efd417871876c9accaab28a9d1e3cd6358fbfff171a38ec99302f0"
url = "https://github.com/astral-sh/python-build-standalone/releases/download/20260303/cpython-3.14.3+20260303-x86_64-unknown-linux-gnu-install_only_stripped.tar.gz"

[tools.python."platforms.macos-arm64"]
checksum = "sha256:4703cdf18b26798fde7b49b6b66149674c25f97127be6a10dbcf29309bdcdcdb"
url = "https://github.com/astral-sh/python-build-standalone/releases/download/20260303/cpython-3.14.3+20260303-aarch64-apple-darwin-install_only_stripped.tar.gz"

[tools.python."platforms.macos-x64"]
checksum = "sha256:76f1cc26e3d262eae8ca546a93e8bded10cf0323613f7e246fea2e10a8115eb7"
url = "https://github.com/astral-sh/python-build-standalone/releases/download/20260303/cpython-3.14.3+20260303-x86_64-apple-darwin-install_only_stripped.tar.gz"

[tools.python."platforms.macos-x64-baseline"]
checksum = "sha256:76f1cc26e3d262eae8ca546a93e8bded10cf0323613f7e246fea2e10a8115eb7"
url = "https://github.com/astral-sh/python-build-standalone/releases/download/20260303/cpython-3.14.3+20260303-x86_64-apple-darwin-install_only_stripped.tar.gz"

[tools.python."platforms.windows-x64"]
checksum = "sha256:950c5f21a015c1bdd1337f233456df2470fab71e4d794407d27a84cb8b9909a0"
url = "https://github.com/astral-sh/python-build-standalone/releases/download/20260303/cpython-3.14.3+20260303-x86_64-pc-windows-msvc-install_only_stripped.tar.gz"

[tools.python."platforms.windows-x64-baseline"]
checksum = "sha256:950c5f21a015c1bdd1337f233456df2470fab71e4d794407d27a84cb8b9909a0"
url = "https://github.com/astral-sh/python-build-standalone/releases/download/20260303/cpython-3.14.3+20260303-x86_64-pc-windows-msvc-install_only_stripped.tar.gz"

[[tools.rust]]
version = "1.94.0"
backend = "core:rust"

[[tools.scorecard]]
version = "5.4.0"
backend = "aqua:ossf/scorecard"

[tools.scorecard."platforms.linux-arm64"]
checksum = "sha256:3f8b6354c62ec0287a8e9694481d834e16bff8451cf5b5dca435e8400ce5adaf"
url = "https://github.com/ossf/scorecard/releases/download/v5.4.0/scorecard_5.4.0_linux_arm64.tar.gz"
provenance = "slsa"

[tools.scorecard."platforms.linux-arm64-musl"]
checksum = "sha256:3f8b6354c62ec0287a8e9694481d834e16bff8451cf5b5dca435e8400ce5adaf"
url = "https://github.com/ossf/scorecard/releases/download/v5.4.0/scorecard_5.4.0_linux_arm64.tar.gz"
provenance = "slsa"

[tools.scorecard."platforms.linux-x64"]
checksum = "sha256:e5183aeaa5aa548fbb7318a6deb3e1038be0ef9aca24e655422ae88dfbe67502"
url = "https://github.com/ossf/scorecard/releases/download/v5.4.0/scorecard_5.4.0_linux_amd64.tar.gz"
provenance = "slsa"

[tools.scorecard."platforms.linux-x64-baseline"]
checksum = "sha256:e5183aeaa5aa548fbb7318a6deb3e1038be0ef9aca24e655422ae88dfbe67502"
url = "https://github.com/ossf/scorecard/releases/download/v5.4.0/scorecard_5.4.0_linux_amd64.tar.gz"
provenance = "slsa"

[tools.scorecard."platforms.linux-x64-musl"]
checksum = "sha256:e5183aeaa5aa548fbb7318a6deb3e1038be0ef9aca24e655422ae88dfbe67502"
url = "https://github.com/ossf/scorecard/releases/download/v5.4.0/scorecard_5.4.0_linux_amd64.tar.gz"
provenance = "slsa"

[tools.scorecard."platforms.linux-x64-musl-baseline"]
checksum = "sha256:e5183aeaa5aa548fbb7318a6deb3e1038be0ef9aca24e655422ae88dfbe67502"
url = "https://github.com/ossf/scorecard/releases/download/v5.4.0/scorecard_5.4.0_linux_amd64.tar.gz"
provenance = "slsa"

[tools.scorecard."platforms.macos-arm64"]
checksum = "sha256:2c672695a27d35537dd4054f690f31fa1d6a72b0957598f45181296487f537f4"
url = "https://github.com/ossf/scorecard/releases/download/v5.4.0/scorecard_5.4.0_darwin_arm64.tar.gz"
provenance = "slsa"

[tools.scorecard."platforms.macos-x64"]
checksum = "sha256:2abfec13b8eecc9b730e3782c9b3a9544d31ae861ce21ea7fe6a369d887d7c89"
url = "https://github.com/ossf/scorecard/releases/download/v5.4.0/scorecard_5.4.0_darwin_amd64.tar.gz"
provenance = "slsa"

[tools.scorecard."platforms.macos-x64-baseline"]
checksum = "sha256:2abfec13b8eecc9b730e3782c9b3a9544d31ae861ce21ea7fe6a369d887d7c89"
url = "https://github.com/ossf/scorecard/releases/download/v5.4.0/scorecard_5.4.0_darwin_amd64.tar.gz"
provenance = "slsa"

[tools.scorecard."platforms.windows-x64"]
checksum = "sha256:f7d0ece0dde703e4baa5f96e9b6ed33e6e786138c90db8de2c4943f24015b9ff"
url = "https://github.com/ossf/scorecard/releases/download/v5.4.0/scorecard_5.4.0_windows_amd64.tar.gz"
provenance = "slsa"

[tools.scorecard."platforms.windows-x64-baseline"]
checksum = "sha256:f7d0ece0dde703e4baa5f96e9b6ed33e6e786138c90db8de2c4943f24015b9ff"
url = "https://github.com/ossf/scorecard/releases/download/v5.4.0/scorecard_5.4.0_windows_amd64.tar.gz"
provenance = "slsa"

[[tools.shellcheck]]
version = "0.11.0"
backend = "aqua:koalaman/shellcheck"

[tools.shellcheck."platforms.linux-arm64"]
checksum = "sha256:12b331c1d2db6b9eb13cfca64306b1b157a86eb69db83023e261eaa7e7c14588"
url = "https://github.com/koalaman/shellcheck/releases/download/v0.11.0/shellcheck-v0.11.0.linux.aarch64.tar.xz"

[tools.shellcheck."platforms.linux-arm64-musl"]
checksum = "sha256:12b331c1d2db6b9eb13cfca64306b1b157a86eb69db83023e261eaa7e7c14588"
url = "https://github.com/koalaman/shellcheck/releases/download/v0.11.0/shellcheck-v0.11.0.linux.aarch64.tar.xz"

[tools.shellcheck."platforms.linux-x64"]
checksum = "sha256:8c3be12b05d5c177a04c29e3c78ce89ac86f1595681cab149b65b97c4e227198"
url = "https://github.com/koalaman/shellcheck/releases/download/v0.11.0/shellcheck-v0.11.0.linux.x86_64.tar.xz"

[tools.shellcheck."platforms.linux-x64-baseline"]
checksum = "sha256:8c3be12b05d5c177a04c29e3c78ce89ac86f1595681cab149b65b97c4e227198"
url = "https://github.com/koalaman/shellcheck/releases/download/v0.11.0/shellcheck-v0.11.0.linux.x86_64.tar.xz"

[tools.shellcheck."platforms.linux-x64-musl"]
checksum = "sha256:8c3be12b05d5c177a04c29e3c78ce89ac86f1595681cab149b65b97c4e227198"
url = "https://github.com/koalaman/shellcheck/releases/download/v0.11.0/shellcheck-v0.11.0.linux.x86_64.tar.xz"

[tools.shellcheck."platforms.linux-x64-musl-baseline"]
checksum = "sha256:8c3be12b05d5c177a04c29e3c78ce89ac86f1595681cab149b65b97c4e227198"
url = "https://github.com/koalaman/shellcheck/releases/download/v0.11.0/shellcheck-v0.11.0.linux.x86_64.tar.xz"

[tools.shellcheck."platforms.macos-arm64"]
checksum = "sha256:56affdd8de5527894dca6dc3d7e0a99a873b0f004d7aabc30ae407d3f48b0a79"
url = "https://github.com/koalaman/shellcheck/releases/download/v0.11.0/shellcheck-v0.11.0.darwin.aarch64.tar.xz"

[tools.shellcheck."platforms.macos-x64"]
checksum = "sha256:3c89db4edcab7cf1c27bff178882e0f6f27f7afdf54e859fa041fca10febe4c6"
url = "https://github.com/koalaman/shellcheck/releases/download/v0.11.0/shellcheck-v0.11.0.darwin.x86_64.tar.xz"

[tools.shellcheck."platforms.macos-x64-baseline"]
checksum = "sha256:3c89db4edcab7cf1c27bff178882e0f6f27f7afdf54e859fa041fca10febe4c6"
url = "https://github.com/koalaman/shellcheck/releases/download/v0.11.0/shellcheck-v0.11.0.darwin.x86_64.tar.xz"

[tools.shellcheck."platforms.windows-x64"]
checksum = "sha256:8a4e35ab0b331c85d73567b12f2a444df187f483e5079ceffa6bda1faa2e740e"
url = "https://github.com/koalaman/shellcheck/releases/download/v0.11.0/shellcheck-v0.11.0.zip"

[tools.shellcheck."platforms.windows-x64-baseline"]
checksum = "sha256:8a4e35ab0b331c85d73567b12f2a444df187f483e5079ceffa6bda1faa2e740e"
url = "https://github.com/koalaman/shellcheck/releases/download/v0.11.0/shellcheck-v0.11.0.zip"
